{
  "name": "ajs2",
  "version": "1.0.0",
  "lockfileVersion": 2,
  "requires": true,
  "packages": {
    "": {
      "name": "ajs2",
      "version": "1.0.0",
      "license": "ISC",
      "dependencies": {
        "@nastya125/ajs": "^1.0.0"
      }
    },
    "node_modules/@nastya125/ajs": {
      "version": "1.0.0",
      "resolved": "https://npm.pkg.github.com/download/@nastya125/ajs/1.0.0/6d2bac433966a284bc2a0b56bb6f6ade116893d1",
      "integrity": "sha512-9Lt1e/SxG+BD0XxIuTFXzoiBADgkbHUm9GbIg4t/WK+lOEdvdbfH1PZg7yJwJR1PPREB3uojUdngOfmBORurtA==",
      "license": "ISC"
    }
  },
  "dependencies": {
    "@nastya125/ajs": {
      "version": "1.0.0",
      "resolved": "https://npm.pkg.github.com/download/@nastya125/ajs/1.0.0/6d2bac433966a284bc2a0b56bb6f6ade116893d1",
      "integrity": "sha512-9Lt1e/SxG+BD0XxIuTFXzoiBADgkbHUm9GbIg4t/WK+lOEdvdbfH1PZg7yJwJR1PPREB3uojUdngOfmBORurtA=="
    }
  }
}
